
Microsoft Visual Studio Solution File, Format Version 12.00
# Visual Studio Version 16
VisualStudioVersion = 16.0.30804.86
MinimumVisualStudioVersion = 10.0.40219.1
Project("{9A19103F-16F7-4668-BE54-9A1E7A4F7556}") = "SPH.Api", "SPH.Api\SPH.Api.csproj", "{65A5CE55-D87B-4B66-95B0-0EF86A1B0A2F}"
EndProject
Project("{2150E333-8FDC-42A3-9474-1A3956D46DE8}") = "Data", "Data", "{16480000-333E-46CA-90C7-E26E1CFC6713}"
EndProject
Project("{9A19103F-16F7-4668-BE54-9A1E7A4F7556}") = "SPH.Entity", "SPH.Entity\SPH.Entity.csproj", "{00F0F5AA-3E4E-48D9-B012-ACE25E305762}"
EndProject
Project("{2150E333-8FDC-42A3-9474-1A3956D46DE8}") = "Projects", "Projects", "{5E71CC0E-3532-4C53-80D3-6B4708DE15EF}"
EndProject
Project("{9A19103F-16F7-4668-BE54-9A1E7A4F7556}") = "SPH.Infrastructure", "SPH.Infrastructure\SPH.Infrastructure.csproj", "{EA2BDD59-AADD-4510-9DAE-8576D983CF41}"
EndProject
Project("{2150E333-8FDC-42A3-9474-1A3956D46DE8}") = "Shared", "Shared", "{F69BB8C1-E17E-4A56-9560-7B6E94CB802B}"
EndProject
Project("{9A19103F-16F7-4668-BE54-9A1E7A4F7556}") = "SPH.Shared", "SPH.Shared\SPH.Shared.csproj", "{52EC8EC4-E5E7-405B-A817-CF7D02073B7A}"
EndProject
Project("{2150E333-8FDC-42A3-9474-1A3956D46DE8}") = "Business", "Business", "{98223ED4-65CC-4F18-A8C6-7412027A7DDD}"
EndProject
Project("{9A19103F-16F7-4668-BE54-9A1E7A4F7556}") = "SPH.Service", "SPH.Service\SPH.Service.csproj", "{63129EEA-CEEE-47E2-944E-06012BEE0311}"
EndProject
Project("{FAE04EC0-301F-11D3-BF4B-00C04F79EFBC}") = "SPH.Model", "SPH.Model\SPH.Model.csproj", "{FB2C545E-FC8F-4169-B194-6F9CF1215B45}"
EndProject
Global
	GlobalSection(SolutionConfigurationPlatforms) = preSolution
		Debug|Any CPU = Debug|Any CPU
		Release|Any CPU = Release|Any CPU
	EndGlobalSection
	GlobalSection(ProjectConfigurationPlatforms) = postSolution
		{65A5CE55-D87B-4B66-95B0-0EF86A1B0A2F}.Debug|Any CPU.ActiveCfg = Debug|Any CPU
		{65A5CE55-D87B-4B66-95B0-0EF86A1B0A2F}.Debug|Any CPU.Build.0 = Debug|Any CPU
		{65A5CE55-D87B-4B66-95B0-0EF86A1B0A2F}.Release|Any CPU.ActiveCfg = Release|Any CPU
		{65A5CE55-D87B-4B66-95B0-0EF86A1B0A2F}.Release|Any CPU.Build.0 = Release|Any CPU
		{00F0F5AA-3E4E-48D9-B012-ACE25E305762}.Debug|Any CPU.ActiveCfg = Debug|Any CPU
		{00F0F5AA-3E4E-48D9-B012-ACE25E305762}.Debug|Any CPU.Build.0 = Debug|Any CPU
		{00F0F5AA-3E4E-48D9-B012-ACE25E305762}.Release|Any CPU.ActiveCfg = Release|Any CPU
		{00F0F5AA-3E4E-48D9-B012-ACE25E305762}.Release|Any CPU.Build.0 = Release|Any CPU
		{EA2BDD59-AADD-4510-9DAE-8576D983CF41}.Debug|Any CPU.ActiveCfg = Debug|Any CPU
		{EA2BDD59-AADD-4510-9DAE-8576D983CF41}.Debug|Any CPU.Build.0 = Debug|Any CPU
		{EA2BDD59-AADD-4510-9DAE-8576D983CF41}.Release|Any CPU.ActiveCfg = Release|Any CPU
		{EA2BDD59-AADD-4510-9DAE-8576D983CF41}.Release|Any CPU.Build.0 = Release|Any CPU
		{52EC8EC4-E5E7-405B-A817-CF7D02073B7A}.Debug|Any CPU.ActiveCfg = Debug|Any CPU
		{52EC8EC4-E5E7-405B-A817-CF7D02073B7A}.Debug|Any CPU.Build.0 = Debug|Any CPU
		{52EC8EC4-E5E7-405B-A817-CF7D02073B7A}.Release|Any CPU.ActiveCfg = Release|Any CPU
		{52EC8EC4-E5E7-405B-A817-CF7D02073B7A}.Release|Any CPU.Build.0 = Release|Any CPU
		{63129EEA-CEEE-47E2-944E-06012BEE0311}.Debug|Any CPU.ActiveCfg = Debug|Any CPU
		{63129EEA-CEEE-47E2-944E-06012BEE0311}.Debug|Any CPU.Build.0 = Debug|Any CPU
		{63129EEA-CEEE-47E2-944E-06012BEE0311}.Release|Any CPU.ActiveCfg = Release|Any CPU
		{63129EEA-CEEE-47E2-944E-06012BEE0311}.Release|Any CPU.Build.0 = Release|Any CPU
		{FB2C545E-FC8F-4169-B194-6F9CF1215B45}.Debug|Any CPU.ActiveCfg = Debug|Any CPU
		{FB2C545E-FC8F-4169-B194-6F9CF1215B45}.Debug|Any CPU.Build.0 = Debug|Any CPU
		{FB2C545E-FC8F-4169-B194-6F9CF1215B45}.Release|Any CPU.ActiveCfg = Release|Any CPU
		{FB2C545E-FC8F-4169-B194-6F9CF1215B45}.Release|Any CPU.Build.0 = Release|Any CPU
	EndGlobalSection
	GlobalSection(SolutionProperties) = preSolution
		HideSolutionNode = FALSE
	EndGlobalSection
	GlobalSection(NestedProjects) = preSolution
		{65A5CE55-D87B-4B66-95B0-0EF86A1B0A2F} = {5E71CC0E-3532-4C53-80D3-6B4708DE15EF}
		{00F0F5AA-3E4E-48D9-B012-ACE25E305762} = {16480000-333E-46CA-90C7-E26E1CFC6713}
		{EA2BDD59-AADD-4510-9DAE-8576D983CF41} = {16480000-333E-46CA-90C7-E26E1CFC6713}
		{52EC8EC4-E5E7-405B-A817-CF7D02073B7A} = {F69BB8C1-E17E-4A56-9560-7B6E94CB802B}
		{63129EEA-CEEE-47E2-944E-06012BEE0311} = {98223ED4-65CC-4F18-A8C6-7412027A7DDD}
		{FB2C545E-FC8F-4169-B194-6F9CF1215B45} = {98223ED4-65CC-4F18-A8C6-7412027A7DDD}
	EndGlobalSection
	GlobalSection(ExtensibilityGlobals) = postSolution
		SolutionGuid = {07689A3F-0D87-42CB-B397-B4A921B83E66}
	EndGlobalSection
EndGlobal
